
Microsoft Visual Studio Solution File, Format Version 12.00
# Visual Studio Version 17
VisualStudioVersion = 17.9.34714.143
MinimumVisualStudioVersion = 10.0.40219.1
Project("{8BC9CEB8-8B4A-11D0-8D11-00A0C91BC942}") = "TaskHunter", "TaskHunter\TaskHunter.vcxproj", "{299DEE71-5F49-48BD-BEA2-B1093CEEEE1A}"
EndProject
Project("{8BC9CEB8-8B4A-11D0-8D11-00A0C91BC942}") = "SvcHostHunter", "SvcHostHunter\SvcHostHunter.vcxproj", "{97A4B9F3-BEAD-4506-BB83-3A7F038FCA03}"
EndProject
Project("{8BC9CEB8-8B4A-11D0-8D11-00A0C91BC942}") = "RIDHijackHunter", "RIDHijackHunter\RIDHijackHunter.vcxproj", "{334413EA-5396-4E48-925D-1EB67A211258}"
EndProject
Global
	GlobalSection(SolutionConfigurationPlatforms) = preSolution
		Debug|x64 = Debug|x64
		Debug|x86 = Debug|x86
		Release|x64 = Release|x64
		Release|x86 = Release|x86
	EndGlobalSection
	GlobalSection(ProjectConfigurationPlatforms) = postSolution
		{299DEE71-5F49-48BD-BEA2-B1093CEEEE1A}.Debug|x64.ActiveCfg = Debug|x64
		{299DEE71-5F49-48BD-BEA2-B1093CEEEE1A}.Debug|x64.Build.0 = Debug|x64
		{299DEE71-5F49-48BD-BEA2-B1093CEEEE1A}.Debug|x86.ActiveCfg = Debug|Win32
		{299DEE71-5F49-48BD-BEA2-B1093CEEEE1A}.Debug|x86.Build.0 = Debug|Win32
		{299DEE71-5F49-48BD-BEA2-B1093CEEEE1A}.Release|x64.ActiveCfg = Release|x64
		{299DEE71-5F49-48BD-BEA2-B1093CEEEE1A}.Release|x64.Build.0 = Release|x64
		{299DEE71-5F49-48BD-BEA2-B1093CEEEE1A}.Release|x86.ActiveCfg = Release|Win32
		{299DEE71-5F49-48BD-BEA2-B1093CEEEE1A}.Release|x86.Build.0 = Release|Win32
		{97A4B9F3-BEAD-4506-BB83-3A7F038FCA03}.Debug|x64.ActiveCfg = Debug|x64
		{97A4B9F3-BEAD-4506-BB83-3A7F038FCA03}.Debug|x64.Build.0 = Debug|x64
		{97A4B9F3-BEAD-4506-BB83-3A7F038FCA03}.Debug|x86.ActiveCfg = Debug|Win32
		{97A4B9F3-BEAD-4506-BB83-3A7F038FCA03}.Debug|x86.Build.0 = Debug|Win32
		{97A4B9F3-BEAD-4506-BB83-3A7F038FCA03}.Release|x64.ActiveCfg = Release|x64
		{97A4B9F3-BEAD-4506-BB83-3A7F038FCA03}.Release|x64.Build.0 = Release|x64
		{97A4B9F3-BEAD-4506-BB83-3A7F038FCA03}.Release|x86.ActiveCfg = Release|Win32
		{97A4B9F3-BEAD-4506-BB83-3A7F038FCA03}.Release|x86.Build.0 = Release|Win32
		{334413EA-5396-4E48-925D-1EB67A211258}.Debug|x64.ActiveCfg = Debug|x64
		{334413EA-5396-4E48-925D-1EB67A211258}.Debug|x64.Build.0 = Debug|x64
		{334413EA-5396-4E48-925D-1EB67A211258}.Debug|x86.ActiveCfg = Debug|Win32
		{334413EA-5396-4E48-925D-1EB67A211258}.Debug|x86.Build.0 = Debug|Win32
		{334413EA-5396-4E48-925D-1EB67A211258}.Release|x64.ActiveCfg = Release|x64
		{334413EA-5396-4E48-925D-1EB67A211258}.Release|x64.Build.0 = Release|x64
		{334413EA-5396-4E48-925D-1EB67A211258}.Release|x86.ActiveCfg = Release|Win32
		{334413EA-5396-4E48-925D-1EB67A211258}.Release|x86.Build.0 = Release|Win32
	EndGlobalSection
	GlobalSection(SolutionProperties) = preSolution
		HideSolutionNode = FALSE
	EndGlobalSection
	GlobalSection(ExtensibilityGlobals) = postSolution
		SolutionGuid = {6FEB6F23-7D52-42BB-BDE7-6B95CAA47F3A}
	EndGlobalSection
EndGlobal
